# This file is generated by running "yarn install" inside your project.
# Manual changes might be lost - proceed with caution!

__metadata:
  version: 8
  cacheKey: 10c0

"@esbuild/aix-ppc64@npm:0.20.2":
  version: 0.20.2
  resolution: "@esbuild/aix-ppc64@npm:0.20.2"
  conditions: os=aix & cpu=ppc64
  languageName: node
  linkType: hard

"@esbuild/aix-ppc64@npm:0.25.0":
  version: 0.25.0
  resolution: "@esbuild/aix-ppc64@npm:0.25.0"
  conditions: os=aix & cpu=ppc64
  languageName: node
  linkType: hard

"@esbuild/android-arm64@npm:0.20.2":
  version: 0.20.2
  resolution: "@esbuild/android-arm64@npm:0.20.2"
  conditions: os=android & cpu=arm64
  languageName: node
  linkType: hard

"@esbuild/android-arm64@npm:0.25.0":
  version: 0.25.0
  resolution: "@esbuild/android-arm64@npm:0.25.0"
  conditions: os=android & cpu=arm64
  languageName: node
  linkType: hard

"@esbuild/android-arm@npm:0.20.2":
  version: 0.20.2
  resolution: "@esbuild/android-arm@npm:0.20.2"
  conditions: os=android & cpu=arm
  languageName: node
  linkType: hard

"@esbuild/android-arm@npm:0.25.0":
  version: 0.25.0
  resolution: "@esbuild/android-arm@npm:0.25.0"
  conditions: os=android & cpu=arm
  languageName: node
  linkType: hard

"@esbuild/android-x64@npm:0.20.2":
  version: 0.20.2
  resolution: "@esbuild/android-x64@npm:0.20.2"
  conditions: os=android & cpu=x64
  languageName: node
  linkType: hard

"@esbuild/android-x64@npm:0.25.0":
  version: 0.25.0
  resolution: "@esbuild/android-x64@npm:0.25.0"
  conditions: os=android & cpu=x64
  languageName: node
  linkType: hard

"@esbuild/darwin-arm64@npm:0.20.2":
  version: 0.20.2
  resolution: "@esbuild/darwin-arm64@npm:0.20.2"
  conditions: os=darwin & cpu=arm64
  languageName: node
  linkType: hard

"@esbuild/darwin-arm64@npm:0.25.0":
  version: 0.25.0
  resolution: "@esbuild/darwin-arm64@npm:0.25.0"
  conditions: os=darwin & cpu=arm64
  languageName: node
  linkType: hard

"@esbuild/darwin-x64@npm:0.20.2":
  version: 0.20.2
  resolution: "@esbuild/darwin-x64@npm:0.20.2"
  conditions: os=darwin & cpu=x64
  languageName: node
  linkType: hard

"@esbuild/darwin-x64@npm:0.25.0":
  version: 0.25.0
  resolution: "@esbuild/darwin-x64@npm:0.25.0"
  conditions: os=darwin & cpu=x64
  languageName: node
  linkType: hard

"@esbuild/freebsd-arm64@npm:0.20.2":
  version: 0.20.2
  resolution: "@esbuild/freebsd-arm64@npm:0.20.2"
  conditions: os=freebsd & cpu=arm64
  languageName: node
  linkType: hard

"@esbuild/freebsd-arm64@npm:0.25.0":
  version: 0.25.0
  resolution: "@esbuild/freebsd-arm64@npm:0.25.0"
  conditions: os=freebsd & cpu=arm64
  languageName: node
  linkType: hard

"@esbuild/freebsd-x64@npm:0.20.2":
  version: 0.20.2
  resolution: "@esbuild/freebsd-x64@npm:0.20.2"
  conditions: os=freebsd & cpu=x64
  languageName: node
  linkType: hard

"@esbuild/freebsd-x64@npm:0.25.0":
  version: 0.25.0
  resolution: "@esbuild/freebsd-x64@npm:0.25.0"
  conditions: os=freebsd & cpu=x64
  languageName: node
  linkType: hard

"@esbuild/linux-arm64@npm:0.20.2":
  version: 0.20.2
  resolution: "@esbuild/linux-arm64@npm:0.20.2"
  conditions: os=linux & cpu=arm64
  languageName: node
  linkType: hard

"@esbuild/linux-arm64@npm:0.25.0":
  version: 0.25.0
  resolution: "@esbuild/linux-arm64@npm:0.25.0"
  conditions: os=linux & cpu=arm64
  languageName: node
  linkType: hard

"@esbuild/linux-arm@npm:0.20.2":
  version: 0.20.2
  resolution: "@esbuild/linux-arm@npm:0.20.2"
  conditions: os=linux & cpu=arm
  languageName: node
  linkType: hard

"@esbuild/linux-arm@npm:0.25.0":
  version: 0.25.0
  resolution: "@esbuild/linux-arm@npm:0.25.0"
  conditions: os=linux & cpu=arm
  languageName: node
  linkType: hard

"@esbuild/linux-ia32@npm:0.20.2":
  version: 0.20.2
  resolution: "@esbuild/linux-ia32@npm:0.20.2"
  conditions: os=linux & cpu=ia32
  languageName: node
  linkType: hard

"@esbuild/linux-ia32@npm:0.25.0":
  version: 0.25.0
  resolution: "@esbuild/linux-ia32@npm:0.25.0"
  conditions: os=linux & cpu=ia32
  languageName: node
  linkType: hard

"@esbuild/linux-loong64@npm:0.20.2":
  version: 0.20.2
  resolution: "@esbuild/linux-loong64@npm:0.20.2"
  conditions: os=linux & cpu=loong64
  languageName: node
  linkType: hard

"@esbuild/linux-loong64@npm:0.25.0":
  version: 0.25.0
  resolution: "@esbuild/linux-loong64@npm:0.25.0"
  conditions: os=linux & cpu=loong64
  languageName: node
  linkType: hard

"@esbuild/linux-mips64el@npm:0.20.2":
  version: 0.20.2
  resolution: "@esbuild/linux-mips64el@npm:0.20.2"
  conditions: os=linux & cpu=mips64el
  languageName: node
  linkType: hard

"@esbuild/linux-mips64el@npm:0.25.0":
  version: 0.25.0
  resolution: "@esbuild/linux-mips64el@npm:0.25.0"
  conditions: os=linux & cpu=mips64el
  languageName: node
  linkType: hard

"@esbuild/linux-ppc64@npm:0.20.2":
  version: 0.20.2
  resolution: "@esbuild/linux-ppc64@npm:0.20.2"
  conditions: os=linux & cpu=ppc64
  languageName: node
  linkType: hard

"@esbuild/linux-ppc64@npm:0.25.0":
  version: 0.25.0
  resolution: "@esbuild/linux-ppc64@npm:0.25.0"
  conditions: os=linux & cpu=ppc64
  languageName: node
  linkType: hard

"@esbuild/linux-riscv64@npm:0.20.2":
  version: 0.20.2
  resolution: "@esbuild/linux-riscv64@npm:0.20.2"
  conditions: os=linux & cpu=riscv64
  languageName: node
  linkType: hard

"@esbuild/linux-riscv64@npm:0.25.0":
  version: 0.25.0
  resolution: "@esbuild/linux-riscv64@npm:0.25.0"
  conditions: os=linux & cpu=riscv64
  languageName: node
  linkType: hard

"@esbuild/linux-s390x@npm:0.20.2":
  version: 0.20.2
  resolution: "@esbuild/linux-s390x@npm:0.20.2"
  conditions: os=linux & cpu=s390x
  languageName: node
  linkType: hard

"@esbuild/linux-s390x@npm:0.25.0":
  version: 0.25.0
  resolution: "@esbuild/linux-s390x@npm:0.25.0"
  conditions: os=linux & cpu=s390x
  languageName: node
  linkType: hard

"@esbuild/linux-x64@npm:0.20.2":
  version: 0.20.2
  resolution: "@esbuild/linux-x64@npm:0.20.2"
  conditions: os=linux & cpu=x64
  languageName: node
  linkType: hard

"@esbuild/linux-x64@npm:0.25.0":
  version: 0.25.0
  resolution: "@esbuild/linux-x64@npm:0.25.0"
  conditions: os=linux & cpu=x64
  languageName: node
  linkType: hard

"@esbuild/netbsd-arm64@npm:0.25.0":
  version: 0.25.0
  resolution: "@esbuild/netbsd-arm64@npm:0.25.0"
  conditions: os=netbsd & cpu=arm64
  languageName: node
  linkType: hard

"@esbuild/netbsd-x64@npm:0.20.2":
  version: 0.20.2
  resolution: "@esbuild/netbsd-x64@npm:0.20.2"
  conditions: os=netbsd & cpu=x64
  languageName: node
  linkType: hard

"@esbuild/netbsd-x64@npm:0.25.0":
  version: 0.25.0
  resolution: "@esbuild/netbsd-x64@npm:0.25.0"
  conditions: os=netbsd & cpu=x64
  languageName: node
  linkType: hard

"@esbuild/openbsd-arm64@npm:0.25.0":
  version: 0.25.0
  resolution: "@esbuild/openbsd-arm64@npm:0.25.0"
  conditions: os=openbsd & cpu=arm64
  languageName: node
  linkType: hard

"@esbuild/openbsd-x64@npm:0.20.2":
  version: 0.20.2
  resolution: "@esbuild/openbsd-x64@npm:0.20.2"
  conditions: os=openbsd & cpu=x64
  languageName: node
  linkType: hard

"@esbuild/openbsd-x64@npm:0.25.0":
  version: 0.25.0
  resolution: "@esbuild/openbsd-x64@npm:0.25.0"
  conditions: os=openbsd & cpu=x64
  languageName: node
  linkType: hard

"@esbuild/sunos-x64@npm:0.20.2":
  version: 0.20.2
  resolution: "@esbuild/sunos-x64@npm:0.20.2"
  conditions: os=sunos & cpu=x64
  languageName: node
  linkType: hard

"@esbuild/sunos-x64@npm:0.25.0":
  version: 0.25.0
  resolution: "@esbuild/sunos-x64@npm:0.25.0"
  conditions: os=sunos & cpu=x64
  languageName: node
  linkType: hard

"@esbuild/win32-arm64@npm:0.20.2":
  version: 0.20.2
  resolution: "@esbuild/win32-arm64@npm:0.20.2"
  conditions: os=win32 & cpu=arm64
  languageName: node
  linkType: hard

"@esbuild/win32-arm64@npm:0.25.0":
  version: 0.25.0
  resolution: "@esbuild/win32-arm64@npm:0.25.0"
  conditions: os=win32 & cpu=arm64
  languageName: node
  linkType: hard

"@esbuild/win32-ia32@npm:0.20.2":
  version: 0.20.2
  resolution: "@esbuild/win32-ia32@npm:0.20.2"
  conditions: os=win32 & cpu=ia32
  languageName: node
  linkType: hard

"@esbuild/win32-ia32@npm:0.25.0":
  version: 0.25.0
  resolution: "@esbuild/win32-ia32@npm:0.25.0"
  conditions: os=win32 & cpu=ia32
  languageName: node
  linkType: hard

"@esbuild/win32-x64@npm:0.20.2":
  version: 0.20.2
  resolution: "@esbuild/win32-x64@npm:0.20.2"
  conditions: os=win32 & cpu=x64
  languageName: node
  linkType: hard

"@esbuild/win32-x64@npm:0.25.0":
  version: 0.25.0
  resolution: "@esbuild/win32-x64@npm:0.25.0"
  conditions: os=win32 & cpu=x64
  languageName: node
  linkType: hard

"@hotwired/stimulus@npm:^3.2.2":
  version: 3.2.2
  resolution: "@hotwired/stimulus@npm:3.2.2"
  checksum: 10c0/3793919e353d28424f57d07e6b634bf6e8821c227acfa2a608aaa8bdfe7e80479acef12705168ca866f3c231399f4a939fb0cd089aaae04c406b3d885a3b35ea
  languageName: node
  linkType: hard

"@hotwired/turbo-rails@npm:^8.0.12":
  version: 8.0.12
  resolution: "@hotwired/turbo-rails@npm:8.0.12"
  dependencies:
    "@hotwired/turbo": "npm:^8.0.12"
    "@rails/actioncable": "npm:^7.0"
  checksum: 10c0/9a1bb2356edaed85a96c23f057468aa744f1f61339df60cb3db536fc2da64ade9d3cf2ad2524c656eb162908f77d9c0273b0dcdde0a65b812fb9f6d4def6ebb5
  languageName: node
  linkType: hard

"@hotwired/turbo@npm:^8.0.12":
  version: 8.0.12
  resolution: "@hotwired/turbo@npm:8.0.12"
  checksum: 10c0/59fb5f87620a8819968fa54797d672bd59694dc5813bac6070cab204c6845fde50b36c308f6478e187665fd0550c63e674b8d55b9bb92951e56c9159783b5bf3
  languageName: node
  linkType: hard

"@kurkle/color@npm:^0.3.0":
  version: 0.3.4
  resolution: "@kurkle/color@npm:0.3.4"
  checksum: 10c0/0e9fd55c614b005c5f0c4c755bca19ec0293bc7513b4ea3ec1725234f9c2fa81afbc78156baf555c8b9cb0d305619253c3f5bca016067daeebb3d00ebb4ea683
  languageName: node
  linkType: hard

"@popperjs/core@npm:^2.9.0":
  version: 2.11.8
  resolution: "@popperjs/core@npm:2.11.8"
  checksum: 10c0/4681e682abc006d25eb380d0cf3efc7557043f53b6aea7a5057d0d1e7df849a00e281cd8ea79c902a35a414d7919621fc2ba293ecec05f413598e0b23d5a1e63
  languageName: node
  linkType: hard

"@rails/actioncable@npm:^7.0":
  version: 7.2.201
  resolution: "@rails/actioncable@npm:7.2.201"
  checksum: 10c0/65463467f1473f810273432b85a272798c8fbe6c8a200be4f8ecbced152deac7bc3f159cd3db7ce7ab05b34cce25582d384cf51f0028c3c2baf303186e0f24f5
  languageName: node
  linkType: hard

"@rails/actiontext@npm:^8.0.200":
  version: 8.0.200
  resolution: "@rails/actiontext@npm:8.0.200"
  dependencies:
    "@rails/activestorage": "npm:>= 8.0.0-alpha"
  peerDependencies:
    trix: ^2.0.0
  checksum: 10c0/6a3ab58587cf3b8b3a4a0bed0df446b18b97fb995a71f12a733140bc3788758ee6c3b5b78c22df116e19c32ceb061de425b3f201e7e474eb4f7067822248097b
  languageName: node
  linkType: hard

"@rails/activestorage@npm:>= 8.0.0-alpha":
  version: 8.0.200
  resolution: "@rails/activestorage@npm:8.0.200"
  dependencies:
    spark-md5: "npm:^3.0.1"
  checksum: 10c0/c5acd3f8affc9a85bd25bcee29573109063b5b7787a21a768e7e8482d40d8593a69b4cae948ade31ad5fb15bbda5c8d3073152efe629c9d4b31dd3e8c74b1a55
  languageName: node
  linkType: hard

"@svgdotjs/svg.draggable.js@npm:^3.0.4":
  version: 3.0.6
  resolution: "@svgdotjs/svg.draggable.js@npm:3.0.6"
  peerDependencies:
    "@svgdotjs/svg.js": ^3.2.4
  checksum: 10c0/f70a857f776a244ab11cc7fa7f26c4d580f0236ee8fcbf02d882ed9057b37f2af57a69528a22f608495c5e191321d25a4bdc17ba33f16a562ff2f6fcd93b9c50
  languageName: node
  linkType: hard

"@svgdotjs/svg.filter.js@npm:^3.0.8":
  version: 3.0.9
  resolution: "@svgdotjs/svg.filter.js@npm:3.0.9"
  dependencies:
    "@svgdotjs/svg.js": "npm:^3.2.4"
  checksum: 10c0/6dd0d674e7fe2e8da49921da8762cc728b9918a0d13d38edad5567483a56d58fb53310b070b040a1982d8a03e9fda2c7e36e9b5b19fe21974976a0fd5b109b50
  languageName: node
  linkType: hard

"@svgdotjs/svg.js@npm:^3.2.4":
  version: 3.2.4
  resolution: "@svgdotjs/svg.js@npm:3.2.4"
  checksum: 10c0/35563560998def7fd9b35c434214428f122d1fc11a5d6975fbc9b3c92b3e86700daba74f9106d7abd5dc979eb26c6e6429be71236dd226bc0f2d92e880e8fe2c
  languageName: node
  linkType: hard

"@svgdotjs/svg.resize.js@npm:^2.0.2":
  version: 2.0.5
  resolution: "@svgdotjs/svg.resize.js@npm:2.0.5"
  peerDependencies:
    "@svgdotjs/svg.js": ^3.2.4
    "@svgdotjs/svg.select.js": ^4.0.1
  checksum: 10c0/ed15cec857ee900c04e044391efb7b927adab20dda056b664df8b4e6409c08a84f6f150119621a65ac835d6fd6da13770f6abcef76ae78ad9f7d60bbc0f9fa94
  languageName: node
  linkType: hard

"@svgdotjs/svg.select.js@npm:^4.0.1":
  version: 4.0.2
  resolution: "@svgdotjs/svg.select.js@npm:4.0.2"
  peerDependencies:
    "@svgdotjs/svg.js": ^3.2.4
  checksum: 10c0/fca8f7b32fa57013e6f33026c812d0e8b519fd8112db8a762089d8334db33934bb8bc9fbfb4785cdaa5fda6e732376773253b6babde6cfeea15836826d56e2f0
  languageName: node
  linkType: hard

"@types/trusted-types@npm:^2.0.7":
  version: 2.0.7
  resolution: "@types/trusted-types@npm:2.0.7"
  checksum: 10c0/4c4855f10de7c6c135e0d32ce462419d8abbbc33713b31d294596c0cc34ae1fa6112a2f9da729c8f7a20707782b0d69da3b1f8df6645b0366d08825ca1522e0c
  languageName: node
  linkType: hard

"@yr/monotone-cubic-spline@npm:^1.0.3":
  version: 1.0.3
  resolution: "@yr/monotone-cubic-spline@npm:1.0.3"
  checksum: 10c0/6098d2138dcf8b722c80f2e9167d24a064184c37fb5b3276e34c717351b496735777b71f7e69c3fa6b94f8a81eba309c4a1e37349a26b8541113b1afa84d7bf8
  languageName: node
  linkType: hard

"apexcharts@npm:^4.5.0":
  version: 4.5.0
  resolution: "apexcharts@npm:4.5.0"
  dependencies:
    "@svgdotjs/svg.draggable.js": "npm:^3.0.4"
    "@svgdotjs/svg.filter.js": "npm:^3.0.8"
    "@svgdotjs/svg.js": "npm:^3.2.4"
    "@svgdotjs/svg.resize.js": "npm:^2.0.2"
    "@svgdotjs/svg.select.js": "npm:^4.0.1"
    "@yr/monotone-cubic-spline": "npm:^1.0.3"
  checksum: 10c0/284e8ef367ee21055358db3705648a86e0922ae55237c6e9e6bddaf8e3012b2d7414b56be9c0267f19c7bd69b500ef7e0eefc80780661976cc4c5d7a9157f68d
  languageName: node
  linkType: hard

"app@workspace:.":
  version: 0.0.0-use.local
  resolution: "app@workspace:."
  dependencies:
    "@hotwired/stimulus": "npm:^3.2.2"
    "@hotwired/turbo-rails": "npm:^8.0.12"
    "@rails/actiontext": "npm:^8.0.200"
    apexcharts: "npm:^4.5.0"
    autoprefixer: "npm:^10.4.20"
    chart.js: "npm:^4.4.9"
    chartkick: "npm:^5.0.1"
    esbuild: "npm:^0.25.0"
    photoswipe: "npm:^5.4.4"
    postcss: "npm:^8.5.3"
    railsui-stimulus: "npm:^1.0.8"
    stimulus-use: "npm:^0.52.3"
    tailwindcss: "npm:^4.0.8"
    trix: "npm:^2.1.13"
  languageName: unknown
  linkType: soft

"autoprefixer@npm:^10.4.20":
  version: 10.4.20
  resolution: "autoprefixer@npm:10.4.20"
  dependencies:
    browserslist: "npm:^4.23.3"
    caniuse-lite: "npm:^1.0.30001646"
    fraction.js: "npm:^4.3.7"
    normalize-range: "npm:^0.1.2"
    picocolors: "npm:^1.0.1"
    postcss-value-parser: "npm:^4.2.0"
  peerDependencies:
    postcss: ^8.1.0
  bin:
    autoprefixer: bin/autoprefixer
  checksum: 10c0/e1f00978a26e7c5b54ab12036d8c13833fad7222828fc90914771b1263f51b28c7ddb5803049de4e77696cbd02bb25cfc3634e80533025bb26c26aacdf938940
  languageName: node
  linkType: hard

"browserslist@npm:^4.23.3":
  version: 4.24.4
  resolution: "browserslist@npm:4.24.4"
  dependencies:
    caniuse-lite: "npm:^1.0.30001688"
    electron-to-chromium: "npm:^1.5.73"
    node-releases: "npm:^2.0.19"
    update-browserslist-db: "npm:^1.1.1"
  bin:
    browserslist: cli.js
  checksum: 10c0/db7ebc1733cf471e0b490b4f47e3e2ea2947ce417192c9246644e92c667dd56a71406cc58f62ca7587caf828364892e9952904a02b7aead752bc65b62a37cfe9
  languageName: node
  linkType: hard

"caniuse-lite@npm:^1.0.30001646, caniuse-lite@npm:^1.0.30001688":
  version: 1.0.30001700
  resolution: "caniuse-lite@npm:1.0.30001700"
  checksum: 10c0/3d391bcdd193208166d3ad759de240b9c18ac3759dbd57195770f0fcd2eedcd47d5e853609aba1eee5a2def44b0a14eee457796bdb3451a27de0c8b27355017c
  languageName: node
  linkType: hard

"chart.js@npm:4, chart.js@npm:^4.4.9":
  version: 4.4.9
  resolution: "chart.js@npm:4.4.9"
  dependencies:
    "@kurkle/color": "npm:^0.3.0"
  checksum: 10c0/970e06bf1f8f498671b19b3105bb5fc5c25558286baa6141e7895815efca303c4b1a8f9c82430e61d8c772795fd8e40ddf9bc33fdf7559e3a016d7580c2d987c
  languageName: node
  linkType: hard

"chartjs-adapter-date-fns@npm:>=3":
  version: 3.0.0
  resolution: "chartjs-adapter-date-fns@npm:3.0.0"
  peerDependencies:
    chart.js: ">=2.8.0"
    date-fns: ">=2.0.0"
  checksum: 10c0/bc785632da9e6253a969c84f5d382e39944246de8410285f060d6715b3ed681cee80142bb2c410329b4c21094efc6d54f9c289200463dce865f736a01a76de4b
  languageName: node
  linkType: hard

"chartkick@npm:^5.0.1":
  version: 5.0.1
  resolution: "chartkick@npm:5.0.1"
  dependencies:
    chart.js: "npm:4"
    chartjs-adapter-date-fns: "npm:>=3"
    date-fns: "npm:>=2"
  dependenciesMeta:
    chart.js:
      optional: true
    chartjs-adapter-date-fns:
      optional: true
    date-fns:
      optional: true
  checksum: 10c0/7bd835b8c418e30870d52d7fd1e5623c08ddb16d9ab5fe055c693f2d88af633e92674bb308c4e572f2d05354faf8d59fe219256805233f84e12ba790fa331246
  languageName: node
  linkType: hard

"date-fns@npm:>=2":
  version: 4.1.0
  resolution: "date-fns@npm:4.1.0"
  checksum: 10c0/b79ff32830e6b7faa009590af6ae0fb8c3fd9ffad46d930548fbb5acf473773b4712ae887e156ba91a7b3dc30591ce0f517d69fd83bd9c38650fdc03b4e0bac8
  languageName: node
  linkType: hard

"dompurify@npm:^3.2.3":
  version: 3.2.4
  resolution: "dompurify@npm:3.2.4"
  dependencies:
    "@types/trusted-types": "npm:^2.0.7"
  dependenciesMeta:
    "@types/trusted-types":
      optional: true
  checksum: 10c0/6be56810fb7ad2776155c8fc2967af5056783c030094362c7d0cf1ad13f2129cf922d8eefab528a34bdebfb98e2f44b306a983ab93aefb9d6f24c18a3d027a05
  languageName: node
  linkType: hard

"electron-to-chromium@npm:^1.5.73":
  version: 1.5.103
  resolution: "electron-to-chromium@npm:1.5.103"
  checksum: 10c0/3b297311b9266ec3ad00eaa8566901603afedc2e19310a16ab9e7217e62f54dda83120ca5f2f75fe64a214d1ba6f6cbb52d7a1692e28de03fcba8bebf7bfc4d5
  languageName: node
  linkType: hard

"esbuild@npm:^0.20.0":
  version: 0.20.2
  resolution: "esbuild@npm:0.20.2"
  dependencies:
    "@esbuild/aix-ppc64": "npm:0.20.2"
    "@esbuild/android-arm": "npm:0.20.2"
    "@esbuild/android-arm64": "npm:0.20.2"
    "@esbuild/android-x64": "npm:0.20.2"
    "@esbuild/darwin-arm64": "npm:0.20.2"
    "@esbuild/darwin-x64": "npm:0.20.2"
    "@esbuild/freebsd-arm64": "npm:0.20.2"
    "@esbuild/freebsd-x64": "npm:0.20.2"
    "@esbuild/linux-arm": "npm:0.20.2"
    "@esbuild/linux-arm64": "npm:0.20.2"
    "@esbuild/linux-ia32": "npm:0.20.2"
    "@esbuild/linux-loong64": "npm:0.20.2"
    "@esbuild/linux-mips64el": "npm:0.20.2"
    "@esbuild/linux-ppc64": "npm:0.20.2"
    "@esbuild/linux-riscv64": "npm:0.20.2"
    "@esbuild/linux-s390x": "npm:0.20.2"
    "@esbuild/linux-x64": "npm:0.20.2"
    "@esbuild/netbsd-x64": "npm:0.20.2"
    "@esbuild/openbsd-x64": "npm:0.20.2"
    "@esbuild/sunos-x64": "npm:0.20.2"
    "@esbuild/win32-arm64": "npm:0.20.2"
    "@esbuild/win32-ia32": "npm:0.20.2"
    "@esbuild/win32-x64": "npm:0.20.2"
  dependenciesMeta:
    "@esbuild/aix-ppc64":
      optional: true
    "@esbuild/android-arm":
      optional: true
    "@esbuild/android-arm64":
      optional: true
    "@esbuild/android-x64":
      optional: true
    "@esbuild/darwin-arm64":
      optional: true
    "@esbuild/darwin-x64":
      optional: true
    "@esbuild/freebsd-arm64":
      optional: true
    "@esbuild/freebsd-x64":
      optional: true
    "@esbuild/linux-arm":
      optional: true
    "@esbuild/linux-arm64":
      optional: true
    "@esbuild/linux-ia32":
      optional: true
    "@esbuild/linux-loong64":
      optional: true
    "@esbuild/linux-mips64el":
      optional: true
    "@esbuild/linux-ppc64":
      optional: true
    "@esbuild/linux-riscv64":
      optional: true
    "@esbuild/linux-s390x":
      optional: true
    "@esbuild/linux-x64":
      optional: true
    "@esbuild/netbsd-x64":
      optional: true
    "@esbuild/openbsd-x64":
      optional: true
    "@esbuild/sunos-x64":
      optional: true
    "@esbuild/win32-arm64":
      optional: true
    "@esbuild/win32-ia32":
      optional: true
    "@esbuild/win32-x64":
      optional: true
  bin:
    esbuild: bin/esbuild
  checksum: 10c0/66398f9fb2c65e456a3e649747b39af8a001e47963b25e86d9c09d2a48d61aa641b27da0ce5cad63df95ad246105e1d83e7fee0e1e22a0663def73b1c5101112
  languageName: node
  linkType: hard

"esbuild@npm:^0.25.0":
  version: 0.25.0
  resolution: "esbuild@npm:0.25.0"
  dependencies:
    "@esbuild/aix-ppc64": "npm:0.25.0"
    "@esbuild/android-arm": "npm:0.25.0"
    "@esbuild/android-arm64": "npm:0.25.0"
    "@esbuild/android-x64": "npm:0.25.0"
    "@esbuild/darwin-arm64": "npm:0.25.0"
    "@esbuild/darwin-x64": "npm:0.25.0"
    "@esbuild/freebsd-arm64": "npm:0.25.0"
    "@esbuild/freebsd-x64": "npm:0.25.0"
    "@esbuild/linux-arm": "npm:0.25.0"
    "@esbuild/linux-arm64": "npm:0.25.0"
    "@esbuild/linux-ia32": "npm:0.25.0"
    "@esbuild/linux-loong64": "npm:0.25.0"
    "@esbuild/linux-mips64el": "npm:0.25.0"
    "@esbuild/linux-ppc64": "npm:0.25.0"
    "@esbuild/linux-riscv64": "npm:0.25.0"
    "@esbuild/linux-s390x": "npm:0.25.0"
    "@esbuild/linux-x64": "npm:0.25.0"
    "@esbuild/netbsd-arm64": "npm:0.25.0"
    "@esbuild/netbsd-x64": "npm:0.25.0"
    "@esbuild/openbsd-arm64": "npm:0.25.0"
    "@esbuild/openbsd-x64": "npm:0.25.0"
    "@esbuild/sunos-x64": "npm:0.25.0"
    "@esbuild/win32-arm64": "npm:0.25.0"
    "@esbuild/win32-ia32": "npm:0.25.0"
    "@esbuild/win32-x64": "npm:0.25.0"
  dependenciesMeta:
    "@esbuild/aix-ppc64":
      optional: true
    "@esbuild/android-arm":
      optional: true
    "@esbuild/android-arm64":
      optional: true
    "@esbuild/android-x64":
      optional: true
    "@esbuild/darwin-arm64":
      optional: true
    "@esbuild/darwin-x64":
      optional: true
    "@esbuild/freebsd-arm64":
      optional: true
    "@esbuild/freebsd-x64":
      optional: true
    "@esbuild/linux-arm":
      optional: true
    "@esbuild/linux-arm64":
      optional: true
    "@esbuild/linux-ia32":
      optional: true
    "@esbuild/linux-loong64":
      optional: true
    "@esbuild/linux-mips64el":
      optional: true
    "@esbuild/linux-ppc64":
      optional: true
    "@esbuild/linux-riscv64":
      optional: true
    "@esbuild/linux-s390x":
      optional: true
    "@esbuild/linux-x64":
      optional: true
    "@esbuild/netbsd-arm64":
      optional: true
    "@esbuild/netbsd-x64":
      optional: true
    "@esbuild/openbsd-arm64":
      optional: true
    "@esbuild/openbsd-x64":
      optional: true
    "@esbuild/sunos-x64":
      optional: true
    "@esbuild/win32-arm64":
      optional: true
    "@esbuild/win32-ia32":
      optional: true
    "@esbuild/win32-x64":
      optional: true
  bin:
    esbuild: bin/esbuild
  checksum: 10c0/5767b72da46da3cfec51661647ec850ddbf8a8d0662771139f10ef0692a8831396a0004b2be7966cecdb08264fb16bdc16290dcecd92396fac5f12d722fa013d
  languageName: node
  linkType: hard

"escalade@npm:^3.2.0":
  version: 3.2.0
  resolution: "escalade@npm:3.2.0"
  checksum: 10c0/ced4dd3a78e15897ed3be74e635110bbf3b08877b0a41be50dcb325ee0e0b5f65fc2d50e9845194d7c4633f327e2e1c6cce00a71b617c5673df0374201d67f65
  languageName: node
  linkType: hard

"flatpickr@npm:4.6.13":
  version: 4.6.13
  resolution: "flatpickr@npm:4.6.13"
  checksum: 10c0/0e027e72a2ce1716840a8c0bf9094f48d2665dc3f3024bf9604810c5bd7dd94aa830b133c5b5cfc0c330fc88939f33b54c8714515957f9d194c3a3bb7f75a1e2
  languageName: node
  linkType: hard

"fraction.js@npm:^4.3.7":
  version: 4.3.7
  resolution: "fraction.js@npm:4.3.7"
  checksum: 10c0/df291391beea9ab4c263487ffd9d17fed162dbb736982dee1379b2a8cc94e4e24e46ed508c6d278aded9080ba51872f1bc5f3a5fd8d7c74e5f105b508ac28711
  languageName: node
  linkType: hard

"hotkeys-js@npm:^3.13.7":
  version: 3.13.9
  resolution: "hotkeys-js@npm:3.13.9"
  checksum: 10c0/83511e7e812395289231605f6c50974f85c270de0316b21ffc4b794d29f2a1aa927a29644c77f1f77ac6e3228fa91fb4bc5f01fb5b27e00196af4d8c5a4a6693
  languageName: node
  linkType: hard

"nanoid@npm:^3.3.8":
  version: 3.3.8
  resolution: "nanoid@npm:3.3.8"
  bin:
    nanoid: bin/nanoid.cjs
  checksum: 10c0/4b1bb29f6cfebf3be3bc4ad1f1296fb0a10a3043a79f34fbffe75d1621b4318319211cd420549459018ea3592f0d2f159247a6f874911d6d26eaaadda2478120
  languageName: node
  linkType: hard

"node-releases@npm:^2.0.19":
  version: 2.0.19
  resolution: "node-releases@npm:2.0.19"
  checksum: 10c0/52a0dbd25ccf545892670d1551690fe0facb6a471e15f2cfa1b20142a5b255b3aa254af5f59d6ecb69c2bec7390bc643c43aa63b13bf5e64b6075952e716b1aa
  languageName: node
  linkType: hard

"normalize-range@npm:^0.1.2":
  version: 0.1.2
  resolution: "normalize-range@npm:0.1.2"
  checksum: 10c0/bf39b73a63e0a42ad1a48c2bd1bda5a07ede64a7e2567307a407674e595bcff0fa0d57e8e5f1e7fa5e91000797c7615e13613227aaaa4d6d6e87f5bd5cc95de6
  languageName: node
  linkType: hard

"photoswipe@npm:^5.4.4":
  version: 5.4.4
  resolution: "photoswipe@npm:5.4.4"
  checksum: 10c0/9a62a8ee4b87564f3d2067edfd7f168d07973e1e37b21cd4f548363b441d8192991a88d272a0f299de0e7c773e6c74367ebcf895f0e60ca919d52e1d2f3b0355
  languageName: node
  linkType: hard

"picocolors@npm:^1.0.1, picocolors@npm:^1.1.1":
  version: 1.1.1
  resolution: "picocolors@npm:1.1.1"
  checksum: 10c0/e2e3e8170ab9d7c7421969adaa7e1b31434f789afb9b3f115f6b96d91945041ac3ceb02e9ec6fe6510ff036bcc0bf91e69a1772edc0b707e12b19c0f2d6bcf58
  languageName: node
  linkType: hard

"postcss-value-parser@npm:^4.2.0":
  version: 4.2.0
  resolution: "postcss-value-parser@npm:4.2.0"
  checksum: 10c0/f4142a4f56565f77c1831168e04e3effd9ffcc5aebaf0f538eee4b2d465adfd4b85a44257bb48418202a63806a7da7fe9f56c330aebb3cac898e46b4cbf49161
  languageName: node
  linkType: hard

"postcss@npm:^8.5.3":
  version: 8.5.3
  resolution: "postcss@npm:8.5.3"
  dependencies:
    nanoid: "npm:^3.3.8"
    picocolors: "npm:^1.1.1"
    source-map-js: "npm:^1.2.1"
  checksum: 10c0/b75510d7b28c3ab728c8733dd01538314a18c52af426f199a3c9177e63eb08602a3938bfb66b62dc01350b9aed62087eabbf229af97a1659eb8d3513cec823b3
  languageName: node
  linkType: hard

"railsui-stimulus@npm:^1.0.8":
  version: 1.0.8
  resolution: "railsui-stimulus@npm:1.0.8"
  dependencies:
    "@hotwired/stimulus": "npm:^3.2.2"
    esbuild: "npm:^0.20.0"
    flatpickr: "npm:4.6.13"
    hotkeys-js: "npm:^3.13.7"
    stimulus-use: "npm:^0.52.2"
    tippy.js: "npm:^6.3.7"
  peerDependencies:
    "@hotwired/stimulus": ">= 3.0.0"
    flatpickr: 4.6.13
    stimulus-use: 0.52.2
    tippy.js: 6.3.7
  checksum: 10c0/c6e060b0be95de298b8fbec5a05dd620dc7ceb31561b249f6bbfab93c884e9ed3e07ebcfeb67807265e8d390e0a26d30d5db2d065d67288af2920810d0810e55
  languageName: node
  linkType: hard

"source-map-js@npm:^1.2.1":
  version: 1.2.1
  resolution: "source-map-js@npm:1.2.1"
  checksum: 10c0/7bda1fc4c197e3c6ff17de1b8b2c20e60af81b63a52cb32ec5a5d67a20a7d42651e2cb34ebe93833c5a2a084377e17455854fee3e21e7925c64a51b6a52b0faf
  languageName: node
  linkType: hard

"spark-md5@npm:^3.0.1":
  version: 3.0.2
  resolution: "spark-md5@npm:3.0.2"
  checksum: 10c0/3fd11735eac5e7d60d6006d99ac0a055f148a89e9baf5f0b51ac103022dec30556b44190b37f6737ca50f81e8e50dc13e724f9edf6290c412ff5ab2101ce7780
  languageName: node
  linkType: hard

"stimulus-use@npm:^0.52.2, stimulus-use@npm:^0.52.3":
  version: 0.52.3
  resolution: "stimulus-use@npm:0.52.3"
  peerDependencies:
    "@hotwired/stimulus": ">= 3"
    hotkeys-js: ">= 3"
  checksum: 10c0/706dfb49563cbbc058beca5924b463b9a5140f2a784d0291477b1e769954cdd3ccbd7e9dd8b73d3d28e7b2be19bfa2859dfe49f304b25e4ebb0dc3c55b21a349
  languageName: node
  linkType: hard

"tailwindcss@npm:^4.0.8":
  version: 4.0.8
  resolution: "tailwindcss@npm:4.0.8"
  checksum: 10c0/4e7656792405fe085f788510139e37a4cd2d904c620ad90222f541f3227a64885e3423413f4748870d3480253b0f50c3ddafd70bc3acd9ec33f494c12e6278aa
  languageName: node
  linkType: hard

"tippy.js@npm:^6.3.7":
  version: 6.3.7
  resolution: "tippy.js@npm:6.3.7"
  dependencies:
    "@popperjs/core": "npm:^2.9.0"
  checksum: 10c0/ec3677beb8caec791ee1f715663f28f42d60e0f7250074a047d13d5e6db95fdb6d26d8a3ac16cecb4ebcaf33ae919dbc889cf97948d115e8d3c81518c911b379
  languageName: node
  linkType: hard

"trix@npm:^2.1.13":
  version: 2.1.13
  resolution: "trix@npm:2.1.13"
  dependencies:
    dompurify: "npm:^3.2.3"
  checksum: 10c0/b65bd3e1855a63f0e3f29ffb46609307d5f5b2a4022a1968b131a92f0ffa5a9d6b91df07ed0556dadeba18d637d581b27a2cb57421d9eee66228bbfede49818e
  languageName: node
  linkType: hard

"update-browserslist-db@npm:^1.1.1":
  version: 1.1.2
  resolution: "update-browserslist-db@npm:1.1.2"
  dependencies:
    escalade: "npm:^3.2.0"
    picocolors: "npm:^1.1.1"
  peerDependencies:
    browserslist: ">= 4.21.0"
  bin:
    update-browserslist-db: cli.js
  checksum: 10c0/9cb353998d6d7d6ba1e46b8fa3db888822dd972212da4eda609d185eb5c3557a93fd59780ceb757afd4d84240518df08542736969e6a5d6d6ce2d58e9363aac6
  languageName: node
  linkType: hard
